
Microsoft Visual Studio Solution File, Format Version 12.00
# Visual Studio Version 16
VisualStudioVersion = 16.0.30320.27
MinimumVisualStudioVersion = 10.0.40219.1
Project("{FAE04EC0-301F-11D3-BF4B-00C04F79EFBC}") = "Prime_check(web_version)", "Prime_check(web_version)\Prime_check(web_version).csproj", "{040749A0-3DD4-4593-A444-AC836D8DA01D}"
EndProject
Global
	GlobalSection(SolutionConfigurationPlatforms) = preSolution
		Debug|Any CPU = Debug|Any CPU
		Release|Any CPU = Release|Any CPU
	EndGlobalSection
	GlobalSection(ProjectConfigurationPlatforms) = postSolution
		{040749A0-3DD4-4593-A444-AC836D8DA01D}.Debug|Any CPU.ActiveCfg = Debug|Any CPU
		{040749A0-3DD4-4593-A444-AC836D8DA01D}.Debug|Any CPU.Build.0 = Debug|Any CPU
		{040749A0-3DD4-4593-A444-AC836D8DA01D}.Release|Any CPU.ActiveCfg = Release|Any CPU
		{040749A0-3DD4-4593-A444-AC836D8DA01D}.Release|Any CPU.Build.0 = Release|Any CPU
	EndGlobalSection
	GlobalSection(SolutionProperties) = preSolution
		HideSolutionNode = FALSE
	EndGlobalSection
	GlobalSection(ExtensibilityGlobals) = postSolution
		SolutionGuid = {1C24D438-A1F5-4F4D-B64A-FE113B3D0328}
	EndGlobalSection
EndGlobal
